
Microsoft Visual Studio Solution File, Format Version 12.00
# Visual Studio 15
VisualStudioVersion = 15.0.28010.2016
MinimumVisualStudioVersion = 10.0.40219.1
Project("{8BC9CEB8-8B4A-11D0-8D11-00A0C91BC942}") = "task4", "task4\task4.vcxproj", "{3653866D-CE9B-4FEF-AD1D-B2CB9D284406}"
EndProject
Global
	GlobalSection(SolutionConfigurationPlatforms) = preSolution
		Debug|x64 = Debug|x64
		Debug|x86 = Debug|x86
		Release|x64 = Release|x64
		Release|x86 = Release|x86
	EndGlobalSection
	GlobalSection(ProjectConfigurationPlatforms) = postSolution
		{3653866D-CE9B-4FEF-AD1D-B2CB9D284406}.Debug|x64.ActiveCfg = Debug|x64
		{3653866D-CE9B-4FEF-AD1D-B2CB9D284406}.Debug|x64.Build.0 = Debug|x64
		{3653866D-CE9B-4FEF-AD1D-B2CB9D284406}.Debug|x86.ActiveCfg = Debug|Win32
		{3653866D-CE9B-4FEF-AD1D-B2CB9D284406}.Debug|x86.Build.0 = Debug|Win32
		{3653866D-CE9B-4FEF-AD1D-B2CB9D284406}.Release|x64.ActiveCfg = Release|x64
		{3653866D-CE9B-4FEF-AD1D-B2CB9D284406}.Release|x64.Build.0 = Release|x64
		{3653866D-CE9B-4FEF-AD1D-B2CB9D284406}.Release|x86.ActiveCfg = Release|Win32
		{3653866D-CE9B-4FEF-AD1D-B2CB9D284406}.Release|x86.Build.0 = Release|Win32
	EndGlobalSection
	GlobalSection(SolutionProperties) = preSolution
		HideSolutionNode = FALSE
	EndGlobalSection
	GlobalSection(ExtensibilityGlobals) = postSolution
		SolutionGuid = {317086FB-18B6-48A6-8EB4-FFF6C043480F}
	EndGlobalSection
EndGlobal
