
Microsoft Visual Studio Solution File, Format Version 12.00
# Visual Studio 15
VisualStudioVersion = 15.0.28010.2016
MinimumVisualStudioVersion = 10.0.40219.1
Project("{8BC9CEB8-8B4A-11D0-8D11-00A0C91BC942}") = "2021-09-27-01", "2021-09-27-01\2021-09-27-01.vcxproj", "{BE62FF17-FFBA-46FC-8282-B8789130405A}"
EndProject
Project("{8BC9CEB8-8B4A-11D0-8D11-00A0C91BC942}") = "2021-09-27-02", "2021-09-27-02\2021-09-27-02.vcxproj", "{F4561178-1865-4847-B47B-C2CF10E164D1}"
EndProject
Project("{8BC9CEB8-8B4A-11D0-8D11-00A0C91BC942}") = "2021-09-27-03", "2021-09-27-03\2021-09-27-03.vcxproj", "{9D0A4A73-D346-4414-AC82-51CA41756653}"
EndProject
Project("{8BC9CEB8-8B4A-11D0-8D11-00A0C91BC942}") = "2021-09-27-04", "2021-09-27-04\2021-09-27-04.vcxproj", "{4AFB55EB-988C-4C91-9515-FC78CAE8F20C}"
EndProject
Project("{8BC9CEB8-8B4A-11D0-8D11-00A0C91BC942}") = "2021-09-27-05", "2021-09-27-05\2021-09-27-05.vcxproj", "{C4CC8CB1-B33C-423F-847F-BF3BC63B31A5}"
EndProject
Project("{8BC9CEB8-8B4A-11D0-8D11-00A0C91BC942}") = "2021-09-27-06", "2021-09-27-06\2021-09-27-06.vcxproj", "{70C8E88C-2ACB-4511-A7EA-772209B7ED9D}"
EndProject
Project("{8BC9CEB8-8B4A-11D0-8D11-00A0C91BC942}") = "2021-09-27-07", "2021-09-27-07\2021-09-27-07.vcxproj", "{C795EB6E-0743-431A-B1BB-85327E309CB3}"
EndProject
Project("{8BC9CEB8-8B4A-11D0-8D11-00A0C91BC942}") = "2021-09-27-08", "2021-09-27-08\2021-09-27-08.vcxproj", "{2C2FA0D5-C08C-42F9-B3C9-5E42258E2FB0}"
EndProject
Project("{8BC9CEB8-8B4A-11D0-8D11-00A0C91BC942}") = "2021-09-27-09", "2021-09-27-09\2021-09-27-09.vcxproj", "{ECFDF602-B9D0-416B-AF2E-47E42172540D}"
EndProject
Global
	GlobalSection(SolutionConfigurationPlatforms) = preSolution
		Debug|x64 = Debug|x64
		Debug|x86 = Debug|x86
		Release|x64 = Release|x64
		Release|x86 = Release|x86
	EndGlobalSection
	GlobalSection(ProjectConfigurationPlatforms) = postSolution
		{BE62FF17-FFBA-46FC-8282-B8789130405A}.Debug|x64.ActiveCfg = Debug|x64
		{BE62FF17-FFBA-46FC-8282-B8789130405A}.Debug|x64.Build.0 = Debug|x64
		{BE62FF17-FFBA-46FC-8282-B8789130405A}.Debug|x86.ActiveCfg = Debug|Win32
		{BE62FF17-FFBA-46FC-8282-B8789130405A}.Debug|x86.Build.0 = Debug|Win32
		{BE62FF17-FFBA-46FC-8282-B8789130405A}.Release|x64.ActiveCfg = Release|x64
		{BE62FF17-FFBA-46FC-8282-B8789130405A}.Release|x64.Build.0 = Release|x64
		{BE62FF17-FFBA-46FC-8282-B8789130405A}.Release|x86.ActiveCfg = Release|Win32
		{BE62FF17-FFBA-46FC-8282-B8789130405A}.Release|x86.Build.0 = Release|Win32
		{F4561178-1865-4847-B47B-C2CF10E164D1}.Debug|x64.ActiveCfg = Debug|x64
		{F4561178-1865-4847-B47B-C2CF10E164D1}.Debug|x64.Build.0 = Debug|x64
		{F4561178-1865-4847-B47B-C2CF10E164D1}.Debug|x86.ActiveCfg = Debug|Win32
		{F4561178-1865-4847-B47B-C2CF10E164D1}.Debug|x86.Build.0 = Debug|Win32
		{F4561178-1865-4847-B47B-C2CF10E164D1}.Release|x64.ActiveCfg = Release|x64
		{F4561178-1865-4847-B47B-C2CF10E164D1}.Release|x64.Build.0 = Release|x64
		{F4561178-1865-4847-B47B-C2CF10E164D1}.Release|x86.ActiveCfg = Release|Win32
		{F4561178-1865-4847-B47B-C2CF10E164D1}.Release|x86.Build.0 = Release|Win32
		{9D0A4A73-D346-4414-AC82-51CA41756653}.Debug|x64.ActiveCfg = Debug|x64
		{9D0A4A73-D346-4414-AC82-51CA41756653}.Debug|x64.Build.0 = Debug|x64
		{9D0A4A73-D346-4414-AC82-51CA41756653}.Debug|x86.ActiveCfg = Debug|Win32
		{9D0A4A73-D346-4414-AC82-51CA41756653}.Debug|x86.Build.0 = Debug|Win32
		{9D0A4A73-D346-4414-AC82-51CA41756653}.Release|x64.ActiveCfg = Release|x64
		{9D0A4A73-D346-4414-AC82-51CA41756653}.Release|x64.Build.0 = Release|x64
		{9D0A4A73-D346-4414-AC82-51CA41756653}.Release|x86.ActiveCfg = Release|Win32
		{9D0A4A73-D346-4414-AC82-51CA41756653}.Release|x86.Build.0 = Release|Win32
		{4AFB55EB-988C-4C91-9515-FC78CAE8F20C}.Debug|x64.ActiveCfg = Debug|x64
		{4AFB55EB-988C-4C91-9515-FC78CAE8F20C}.Debug|x64.Build.0 = Debug|x64
		{4AFB55EB-988C-4C91-9515-FC78CAE8F20C}.Debug|x86.ActiveCfg = Debug|Win32
		{4AFB55EB-988C-4C91-9515-FC78CAE8F20C}.Debug|x86.Build.0 = Debug|Win32
		{4AFB55EB-988C-4C91-9515-FC78CAE8F20C}.Release|x64.ActiveCfg = Release|x64
		{4AFB55EB-988C-4C91-9515-FC78CAE8F20C}.Release|x64.Build.0 = Release|x64
		{4AFB55EB-988C-4C91-9515-FC78CAE8F20C}.Release|x86.ActiveCfg = Release|Win32
		{4AFB55EB-988C-4C91-9515-FC78CAE8F20C}.Release|x86.Build.0 = Release|Win32
		{C4CC8CB1-B33C-423F-847F-BF3BC63B31A5}.Debug|x64.ActiveCfg = Debug|x64
		{C4CC8CB1-B33C-423F-847F-BF3BC63B31A5}.Debug|x64.Build.0 = Debug|x64
		{C4CC8CB1-B33C-423F-847F-BF3BC63B31A5}.Debug|x86.ActiveCfg = Debug|Win32
		{C4CC8CB1-B33C-423F-847F-BF3BC63B31A5}.Debug|x86.Build.0 = Debug|Win32
		{C4CC8CB1-B33C-423F-847F-BF3BC63B31A5}.Release|x64.ActiveCfg = Release|x64
		{C4CC8CB1-B33C-423F-847F-BF3BC63B31A5}.Release|x64.Build.0 = Release|x64
		{C4CC8CB1-B33C-423F-847F-BF3BC63B31A5}.Release|x86.ActiveCfg = Release|Win32
		{C4CC8CB1-B33C-423F-847F-BF3BC63B31A5}.Release|x86.Build.0 = Release|Win32
		{70C8E88C-2ACB-4511-A7EA-772209B7ED9D}.Debug|x64.ActiveCfg = Debug|x64
		{70C8E88C-2ACB-4511-A7EA-772209B7ED9D}.Debug|x64.Build.0 = Debug|x64
		{70C8E88C-2ACB-4511-A7EA-772209B7ED9D}.Debug|x86.ActiveCfg = Debug|Win32
		{70C8E88C-2ACB-4511-A7EA-772209B7ED9D}.Debug|x86.Build.0 = Debug|Win32
		{70C8E88C-2ACB-4511-A7EA-772209B7ED9D}.Release|x64.ActiveCfg = Release|x64
		{70C8E88C-2ACB-4511-A7EA-772209B7ED9D}.Release|x64.Build.0 = Release|x64
		{70C8E88C-2ACB-4511-A7EA-772209B7ED9D}.Release|x86.ActiveCfg = Release|Win32
		{70C8E88C-2ACB-4511-A7EA-772209B7ED9D}.Release|x86.Build.0 = Release|Win32
		{C795EB6E-0743-431A-B1BB-85327E309CB3}.Debug|x64.ActiveCfg = Debug|x64
		{C795EB6E-0743-431A-B1BB-85327E309CB3}.Debug|x64.Build.0 = Debug|x64
		{C795EB6E-0743-431A-B1BB-85327E309CB3}.Debug|x86.ActiveCfg = Debug|Win32
		{C795EB6E-0743-431A-B1BB-85327E309CB3}.Debug|x86.Build.0 = Debug|Win32
		{C795EB6E-0743-431A-B1BB-85327E309CB3}.Release|x64.ActiveCfg = Release|x64
		{C795EB6E-0743-431A-B1BB-85327E309CB3}.Release|x64.Build.0 = Release|x64
		{C795EB6E-0743-431A-B1BB-85327E309CB3}.Release|x86.ActiveCfg = Release|Win32
		{C795EB6E-0743-431A-B1BB-85327E309CB3}.Release|x86.Build.0 = Release|Win32
		{2C2FA0D5-C08C-42F9-B3C9-5E42258E2FB0}.Debug|x64.ActiveCfg = Debug|x64
		{2C2FA0D5-C08C-42F9-B3C9-5E42258E2FB0}.Debug|x64.Build.0 = Debug|x64
		{2C2FA0D5-C08C-42F9-B3C9-5E42258E2FB0}.Debug|x86.ActiveCfg = Debug|Win32
		{2C2FA0D5-C08C-42F9-B3C9-5E42258E2FB0}.Debug|x86.Build.0 = Debug|Win32
		{2C2FA0D5-C08C-42F9-B3C9-5E42258E2FB0}.Release|x64.ActiveCfg = Release|x64
		{2C2FA0D5-C08C-42F9-B3C9-5E42258E2FB0}.Release|x64.Build.0 = Release|x64
		{2C2FA0D5-C08C-42F9-B3C9-5E42258E2FB0}.Release|x86.ActiveCfg = Release|Win32
		{2C2FA0D5-C08C-42F9-B3C9-5E42258E2FB0}.Release|x86.Build.0 = Release|Win32
		{ECFDF602-B9D0-416B-AF2E-47E42172540D}.Debug|x64.ActiveCfg = Debug|x64
		{ECFDF602-B9D0-416B-AF2E-47E42172540D}.Debug|x64.Build.0 = Debug|x64
		{ECFDF602-B9D0-416B-AF2E-47E42172540D}.Debug|x86.ActiveCfg = Debug|Win32
		{ECFDF602-B9D0-416B-AF2E-47E42172540D}.Debug|x86.Build.0 = Debug|Win32
		{ECFDF602-B9D0-416B-AF2E-47E42172540D}.Release|x64.ActiveCfg = Release|x64
		{ECFDF602-B9D0-416B-AF2E-47E42172540D}.Release|x64.Build.0 = Release|x64
		{ECFDF602-B9D0-416B-AF2E-47E42172540D}.Release|x86.ActiveCfg = Release|Win32
		{ECFDF602-B9D0-416B-AF2E-47E42172540D}.Release|x86.Build.0 = Release|Win32
	EndGlobalSection
	GlobalSection(SolutionProperties) = preSolution
		HideSolutionNode = FALSE
	EndGlobalSection
	GlobalSection(ExtensibilityGlobals) = postSolution
		SolutionGuid = {F0039225-E59D-43A2-8C46-3DDBCFF8FA12}
	EndGlobalSection
EndGlobal
