
Microsoft Visual Studio Solution File, Format Version 12.00
# Visual Studio 15
VisualStudioVersion = 15.0.28010.2016
MinimumVisualStudioVersion = 10.0.40219.1
Project("{8BC9CEB8-8B4A-11D0-8D11-00A0C91BC942}") = "2021-09-20-01", "2021-09-20-01\2021-09-20-01.vcxproj", "{4D00C408-5921-4FE6-BC0A-3365CBF4F723}"
EndProject
Project("{8BC9CEB8-8B4A-11D0-8D11-00A0C91BC942}") = "2021-09-20-02", "2021-09-20-02\2021-09-20-02.vcxproj", "{559F97CA-D5B7-4C10-B7A0-9CA2657E0CEB}"
EndProject
Project("{8BC9CEB8-8B4A-11D0-8D11-00A0C91BC942}") = "2021-09-20-03", "2021-09-20-03\2021-09-20-03.vcxproj", "{AF0BE325-F494-441E-92EF-8E95DE2E1FEA}"
EndProject
Project("{8BC9CEB8-8B4A-11D0-8D11-00A0C91BC942}") = "2021-09-20-04", "2021-09-20-04\2021-09-20-04.vcxproj", "{6CCDBC36-5D36-44BE-90E9-BA8AF8289525}"
EndProject
Project("{8BC9CEB8-8B4A-11D0-8D11-00A0C91BC942}") = "2021-09-20-05", "2021-09-20-05\2021-09-20-05.vcxproj", "{4E11DF0C-CCAB-4503-9187-C2D87D26FBE0}"
EndProject
Project("{8BC9CEB8-8B4A-11D0-8D11-00A0C91BC942}") = "2021-09-20-06", "2021-09-20-06\2021-09-20-06.vcxproj", "{AF9C89AA-7A3E-4F1C-9439-D7F51BAF8832}"
EndProject
Project("{8BC9CEB8-8B4A-11D0-8D11-00A0C91BC942}") = "2021-09-20-07", "2021-09-20-07\2021-09-20-07.vcxproj", "{77E63979-864D-4EF6-B71E-C5B016C11669}"
EndProject
Project("{8BC9CEB8-8B4A-11D0-8D11-00A0C91BC942}") = "2021-09-20-08", "2021-09-20-08\2021-09-20-08.vcxproj", "{CE24D6AE-DEE1-4E42-AF61-F5804645C7F2}"
EndProject
Project("{8BC9CEB8-8B4A-11D0-8D11-00A0C91BC942}") = "2021-09-20-09", "2021-09-20-09\2021-09-20-09.vcxproj", "{0B238013-A67C-4B3B-9E0C-47BACBEEC2C9}"
EndProject
Project("{8BC9CEB8-8B4A-11D0-8D11-00A0C91BC942}") = "2021-09-20-10", "2021-09-20-10\2021-09-20-10.vcxproj", "{8644E159-EFB3-4F75-8752-4D0D0318E8F4}"
EndProject
Global
	GlobalSection(SolutionConfigurationPlatforms) = preSolution
		Debug|x64 = Debug|x64
		Debug|x86 = Debug|x86
		Release|x64 = Release|x64
		Release|x86 = Release|x86
	EndGlobalSection
	GlobalSection(ProjectConfigurationPlatforms) = postSolution
		{4D00C408-5921-4FE6-BC0A-3365CBF4F723}.Debug|x64.ActiveCfg = Debug|x64
		{4D00C408-5921-4FE6-BC0A-3365CBF4F723}.Debug|x64.Build.0 = Debug|x64
		{4D00C408-5921-4FE6-BC0A-3365CBF4F723}.Debug|x86.ActiveCfg = Debug|Win32
		{4D00C408-5921-4FE6-BC0A-3365CBF4F723}.Debug|x86.Build.0 = Debug|Win32
		{4D00C408-5921-4FE6-BC0A-3365CBF4F723}.Release|x64.ActiveCfg = Release|x64
		{4D00C408-5921-4FE6-BC0A-3365CBF4F723}.Release|x64.Build.0 = Release|x64
		{4D00C408-5921-4FE6-BC0A-3365CBF4F723}.Release|x86.ActiveCfg = Release|Win32
		{4D00C408-5921-4FE6-BC0A-3365CBF4F723}.Release|x86.Build.0 = Release|Win32
		{559F97CA-D5B7-4C10-B7A0-9CA2657E0CEB}.Debug|x64.ActiveCfg = Debug|x64
		{559F97CA-D5B7-4C10-B7A0-9CA2657E0CEB}.Debug|x64.Build.0 = Debug|x64
		{559F97CA-D5B7-4C10-B7A0-9CA2657E0CEB}.Debug|x86.ActiveCfg = Debug|Win32
		{559F97CA-D5B7-4C10-B7A0-9CA2657E0CEB}.Debug|x86.Build.0 = Debug|Win32
		{559F97CA-D5B7-4C10-B7A0-9CA2657E0CEB}.Release|x64.ActiveCfg = Release|x64
		{559F97CA-D5B7-4C10-B7A0-9CA2657E0CEB}.Release|x64.Build.0 = Release|x64
		{559F97CA-D5B7-4C10-B7A0-9CA2657E0CEB}.Release|x86.ActiveCfg = Release|Win32
		{559F97CA-D5B7-4C10-B7A0-9CA2657E0CEB}.Release|x86.Build.0 = Release|Win32
		{AF0BE325-F494-441E-92EF-8E95DE2E1FEA}.Debug|x64.ActiveCfg = Debug|x64
		{AF0BE325-F494-441E-92EF-8E95DE2E1FEA}.Debug|x64.Build.0 = Debug|x64
		{AF0BE325-F494-441E-92EF-8E95DE2E1FEA}.Debug|x86.ActiveCfg = Debug|Win32
		{AF0BE325-F494-441E-92EF-8E95DE2E1FEA}.Debug|x86.Build.0 = Debug|Win32
		{AF0BE325-F494-441E-92EF-8E95DE2E1FEA}.Release|x64.ActiveCfg = Release|x64
		{AF0BE325-F494-441E-92EF-8E95DE2E1FEA}.Release|x64.Build.0 = Release|x64
		{AF0BE325-F494-441E-92EF-8E95DE2E1FEA}.Release|x86.ActiveCfg = Release|Win32
		{AF0BE325-F494-441E-92EF-8E95DE2E1FEA}.Release|x86.Build.0 = Release|Win32
		{6CCDBC36-5D36-44BE-90E9-BA8AF8289525}.Debug|x64.ActiveCfg = Debug|x64
		{6CCDBC36-5D36-44BE-90E9-BA8AF8289525}.Debug|x64.Build.0 = Debug|x64
		{6CCDBC36-5D36-44BE-90E9-BA8AF8289525}.Debug|x86.ActiveCfg = Debug|Win32
		{6CCDBC36-5D36-44BE-90E9-BA8AF8289525}.Debug|x86.Build.0 = Debug|Win32
		{6CCDBC36-5D36-44BE-90E9-BA8AF8289525}.Release|x64.ActiveCfg = Release|x64
		{6CCDBC36-5D36-44BE-90E9-BA8AF8289525}.Release|x64.Build.0 = Release|x64
		{6CCDBC36-5D36-44BE-90E9-BA8AF8289525}.Release|x86.ActiveCfg = Release|Win32
		{6CCDBC36-5D36-44BE-90E9-BA8AF8289525}.Release|x86.Build.0 = Release|Win32
		{4E11DF0C-CCAB-4503-9187-C2D87D26FBE0}.Debug|x64.ActiveCfg = Debug|x64
		{4E11DF0C-CCAB-4503-9187-C2D87D26FBE0}.Debug|x64.Build.0 = Debug|x64
		{4E11DF0C-CCAB-4503-9187-C2D87D26FBE0}.Debug|x86.ActiveCfg = Debug|Win32
		{4E11DF0C-CCAB-4503-9187-C2D87D26FBE0}.Debug|x86.Build.0 = Debug|Win32
		{4E11DF0C-CCAB-4503-9187-C2D87D26FBE0}.Release|x64.ActiveCfg = Release|x64
		{4E11DF0C-CCAB-4503-9187-C2D87D26FBE0}.Release|x64.Build.0 = Release|x64
		{4E11DF0C-CCAB-4503-9187-C2D87D26FBE0}.Release|x86.ActiveCfg = Release|Win32
		{4E11DF0C-CCAB-4503-9187-C2D87D26FBE0}.Release|x86.Build.0 = Release|Win32
		{AF9C89AA-7A3E-4F1C-9439-D7F51BAF8832}.Debug|x64.ActiveCfg = Debug|x64
		{AF9C89AA-7A3E-4F1C-9439-D7F51BAF8832}.Debug|x64.Build.0 = Debug|x64
		{AF9C89AA-7A3E-4F1C-9439-D7F51BAF8832}.Debug|x86.ActiveCfg = Debug|Win32
		{AF9C89AA-7A3E-4F1C-9439-D7F51BAF8832}.Debug|x86.Build.0 = Debug|Win32
		{AF9C89AA-7A3E-4F1C-9439-D7F51BAF8832}.Release|x64.ActiveCfg = Release|x64
		{AF9C89AA-7A3E-4F1C-9439-D7F51BAF8832}.Release|x64.Build.0 = Release|x64
		{AF9C89AA-7A3E-4F1C-9439-D7F51BAF8832}.Release|x86.ActiveCfg = Release|Win32
		{AF9C89AA-7A3E-4F1C-9439-D7F51BAF8832}.Release|x86.Build.0 = Release|Win32
		{77E63979-864D-4EF6-B71E-C5B016C11669}.Debug|x64.ActiveCfg = Debug|x64
		{77E63979-864D-4EF6-B71E-C5B016C11669}.Debug|x64.Build.0 = Debug|x64
		{77E63979-864D-4EF6-B71E-C5B016C11669}.Debug|x86.ActiveCfg = Debug|Win32
		{77E63979-864D-4EF6-B71E-C5B016C11669}.Debug|x86.Build.0 = Debug|Win32
		{77E63979-864D-4EF6-B71E-C5B016C11669}.Release|x64.ActiveCfg = Release|x64
		{77E63979-864D-4EF6-B71E-C5B016C11669}.Release|x64.Build.0 = Release|x64
		{77E63979-864D-4EF6-B71E-C5B016C11669}.Release|x86.ActiveCfg = Release|Win32
		{77E63979-864D-4EF6-B71E-C5B016C11669}.Release|x86.Build.0 = Release|Win32
		{CE24D6AE-DEE1-4E42-AF61-F5804645C7F2}.Debug|x64.ActiveCfg = Debug|x64
		{CE24D6AE-DEE1-4E42-AF61-F5804645C7F2}.Debug|x64.Build.0 = Debug|x64
		{CE24D6AE-DEE1-4E42-AF61-F5804645C7F2}.Debug|x86.ActiveCfg = Debug|Win32
		{CE24D6AE-DEE1-4E42-AF61-F5804645C7F2}.Debug|x86.Build.0 = Debug|Win32
		{CE24D6AE-DEE1-4E42-AF61-F5804645C7F2}.Release|x64.ActiveCfg = Release|x64
		{CE24D6AE-DEE1-4E42-AF61-F5804645C7F2}.Release|x64.Build.0 = Release|x64
		{CE24D6AE-DEE1-4E42-AF61-F5804645C7F2}.Release|x86.ActiveCfg = Release|Win32
		{CE24D6AE-DEE1-4E42-AF61-F5804645C7F2}.Release|x86.Build.0 = Release|Win32
		{0B238013-A67C-4B3B-9E0C-47BACBEEC2C9}.Debug|x64.ActiveCfg = Debug|x64
		{0B238013-A67C-4B3B-9E0C-47BACBEEC2C9}.Debug|x64.Build.0 = Debug|x64
		{0B238013-A67C-4B3B-9E0C-47BACBEEC2C9}.Debug|x86.ActiveCfg = Debug|Win32
		{0B238013-A67C-4B3B-9E0C-47BACBEEC2C9}.Debug|x86.Build.0 = Debug|Win32
		{0B238013-A67C-4B3B-9E0C-47BACBEEC2C9}.Release|x64.ActiveCfg = Release|x64
		{0B238013-A67C-4B3B-9E0C-47BACBEEC2C9}.Release|x64.Build.0 = Release|x64
		{0B238013-A67C-4B3B-9E0C-47BACBEEC2C9}.Release|x86.ActiveCfg = Release|Win32
		{0B238013-A67C-4B3B-9E0C-47BACBEEC2C9}.Release|x86.Build.0 = Release|Win32
		{8644E159-EFB3-4F75-8752-4D0D0318E8F4}.Debug|x64.ActiveCfg = Debug|x64
		{8644E159-EFB3-4F75-8752-4D0D0318E8F4}.Debug|x64.Build.0 = Debug|x64
		{8644E159-EFB3-4F75-8752-4D0D0318E8F4}.Debug|x86.ActiveCfg = Debug|Win32
		{8644E159-EFB3-4F75-8752-4D0D0318E8F4}.Debug|x86.Build.0 = Debug|Win32
		{8644E159-EFB3-4F75-8752-4D0D0318E8F4}.Release|x64.ActiveCfg = Release|x64
		{8644E159-EFB3-4F75-8752-4D0D0318E8F4}.Release|x64.Build.0 = Release|x64
		{8644E159-EFB3-4F75-8752-4D0D0318E8F4}.Release|x86.ActiveCfg = Release|Win32
		{8644E159-EFB3-4F75-8752-4D0D0318E8F4}.Release|x86.Build.0 = Release|Win32
	EndGlobalSection
	GlobalSection(SolutionProperties) = preSolution
		HideSolutionNode = FALSE
	EndGlobalSection
	GlobalSection(ExtensibilityGlobals) = postSolution
		SolutionGuid = {2578F8BB-3D43-44F2-9EF6-EA33ED7B5D09}
	EndGlobalSection
EndGlobal
