
Microsoft Visual Studio Solution File, Format Version 12.00
# Visual Studio 15
VisualStudioVersion = 15.0.28010.2016
MinimumVisualStudioVersion = 10.0.40219.1
Project("{8BC9CEB8-8B4A-11D0-8D11-00A0C91BC942}") = "2021-10-04-01", "2021-10-04-01\2021-10-04-01.vcxproj", "{369D6F9C-6D85-41C5-A559-54FF7BDFAFAE}"
EndProject
Project("{8BC9CEB8-8B4A-11D0-8D11-00A0C91BC942}") = "2021-10-04-02", "2021-10-04-02\2021-10-04-02.vcxproj", "{1C0DDBFA-1573-4F3B-9984-B0394ECABCB0}"
EndProject
Project("{8BC9CEB8-8B4A-11D0-8D11-00A0C91BC942}") = "2021-10-04-03", "2021-10-04-03\2021-10-04-03.vcxproj", "{F43BD116-5671-48C0-A56E-CB0054039952}"
EndProject
Project("{8BC9CEB8-8B4A-11D0-8D11-00A0C91BC942}") = "2021-10-04-04", "2021-10-04-04\2021-10-04-04.vcxproj", "{57D29F6F-2E34-4488-AE7B-364AB78A1B31}"
EndProject
Project("{8BC9CEB8-8B4A-11D0-8D11-00A0C91BC942}") = "2021-10-04-05", "2021-10-04-05\2021-10-04-05.vcxproj", "{05C6C4C9-AA5A-4AEB-B1BA-926E64E47C35}"
EndProject
Project("{8BC9CEB8-8B4A-11D0-8D11-00A0C91BC942}") = "2021-10-04-06", "2021-10-04-06\2021-10-04-06.vcxproj", "{52C0523A-B756-47D6-8EC1-E8CC72146383}"
EndProject
Project("{8BC9CEB8-8B4A-11D0-8D11-00A0C91BC942}") = "2021-10-04-07", "2021-10-04-07\2021-10-04-07.vcxproj", "{4D96DD33-EA83-4220-AD85-7F09FCEA0062}"
EndProject
Project("{8BC9CEB8-8B4A-11D0-8D11-00A0C91BC942}") = "2021-10-04-08", "2021-10-04-08\2021-10-04-08.vcxproj", "{8E808BD0-F09B-48E4-A550-4908D5A08C5C}"
EndProject
Project("{8BC9CEB8-8B4A-11D0-8D11-00A0C91BC942}") = "2021-10-04-09", "2021-10-04-09\2021-10-04-09.vcxproj", "{5E8AD6FC-DC4C-4881-8DD2-DA7A86801812}"
EndProject
Project("{8BC9CEB8-8B4A-11D0-8D11-00A0C91BC942}") = "2021-10-04-10", "2021-10-04-10\2021-10-04-10.vcxproj", "{061B7033-3603-43FB-B819-EC6FB68A0995}"
EndProject
Global
	GlobalSection(SolutionConfigurationPlatforms) = preSolution
		Debug|x64 = Debug|x64
		Debug|x86 = Debug|x86
		Release|x64 = Release|x64
		Release|x86 = Release|x86
	EndGlobalSection
	GlobalSection(ProjectConfigurationPlatforms) = postSolution
		{369D6F9C-6D85-41C5-A559-54FF7BDFAFAE}.Debug|x64.ActiveCfg = Debug|x64
		{369D6F9C-6D85-41C5-A559-54FF7BDFAFAE}.Debug|x64.Build.0 = Debug|x64
		{369D6F9C-6D85-41C5-A559-54FF7BDFAFAE}.Debug|x86.ActiveCfg = Debug|Win32
		{369D6F9C-6D85-41C5-A559-54FF7BDFAFAE}.Debug|x86.Build.0 = Debug|Win32
		{369D6F9C-6D85-41C5-A559-54FF7BDFAFAE}.Release|x64.ActiveCfg = Release|x64
		{369D6F9C-6D85-41C5-A559-54FF7BDFAFAE}.Release|x64.Build.0 = Release|x64
		{369D6F9C-6D85-41C5-A559-54FF7BDFAFAE}.Release|x86.ActiveCfg = Release|Win32
		{369D6F9C-6D85-41C5-A559-54FF7BDFAFAE}.Release|x86.Build.0 = Release|Win32
		{1C0DDBFA-1573-4F3B-9984-B0394ECABCB0}.Debug|x64.ActiveCfg = Debug|x64
		{1C0DDBFA-1573-4F3B-9984-B0394ECABCB0}.Debug|x64.Build.0 = Debug|x64
		{1C0DDBFA-1573-4F3B-9984-B0394ECABCB0}.Debug|x86.ActiveCfg = Debug|Win32
		{1C0DDBFA-1573-4F3B-9984-B0394ECABCB0}.Debug|x86.Build.0 = Debug|Win32
		{1C0DDBFA-1573-4F3B-9984-B0394ECABCB0}.Release|x64.ActiveCfg = Release|x64
		{1C0DDBFA-1573-4F3B-9984-B0394ECABCB0}.Release|x64.Build.0 = Release|x64
		{1C0DDBFA-1573-4F3B-9984-B0394ECABCB0}.Release|x86.ActiveCfg = Release|Win32
		{1C0DDBFA-1573-4F3B-9984-B0394ECABCB0}.Release|x86.Build.0 = Release|Win32
		{F43BD116-5671-48C0-A56E-CB0054039952}.Debug|x64.ActiveCfg = Debug|x64
		{F43BD116-5671-48C0-A56E-CB0054039952}.Debug|x64.Build.0 = Debug|x64
		{F43BD116-5671-48C0-A56E-CB0054039952}.Debug|x86.ActiveCfg = Debug|Win32
		{F43BD116-5671-48C0-A56E-CB0054039952}.Debug|x86.Build.0 = Debug|Win32
		{F43BD116-5671-48C0-A56E-CB0054039952}.Release|x64.ActiveCfg = Release|x64
		{F43BD116-5671-48C0-A56E-CB0054039952}.Release|x64.Build.0 = Release|x64
		{F43BD116-5671-48C0-A56E-CB0054039952}.Release|x86.ActiveCfg = Release|Win32
		{F43BD116-5671-48C0-A56E-CB0054039952}.Release|x86.Build.0 = Release|Win32
		{57D29F6F-2E34-4488-AE7B-364AB78A1B31}.Debug|x64.ActiveCfg = Debug|x64
		{57D29F6F-2E34-4488-AE7B-364AB78A1B31}.Debug|x64.Build.0 = Debug|x64
		{57D29F6F-2E34-4488-AE7B-364AB78A1B31}.Debug|x86.ActiveCfg = Debug|Win32
		{57D29F6F-2E34-4488-AE7B-364AB78A1B31}.Debug|x86.Build.0 = Debug|Win32
		{57D29F6F-2E34-4488-AE7B-364AB78A1B31}.Release|x64.ActiveCfg = Release|x64
		{57D29F6F-2E34-4488-AE7B-364AB78A1B31}.Release|x64.Build.0 = Release|x64
		{57D29F6F-2E34-4488-AE7B-364AB78A1B31}.Release|x86.ActiveCfg = Release|Win32
		{57D29F6F-2E34-4488-AE7B-364AB78A1B31}.Release|x86.Build.0 = Release|Win32
		{05C6C4C9-AA5A-4AEB-B1BA-926E64E47C35}.Debug|x64.ActiveCfg = Debug|x64
		{05C6C4C9-AA5A-4AEB-B1BA-926E64E47C35}.Debug|x64.Build.0 = Debug|x64
		{05C6C4C9-AA5A-4AEB-B1BA-926E64E47C35}.Debug|x86.ActiveCfg = Debug|Win32
		{05C6C4C9-AA5A-4AEB-B1BA-926E64E47C35}.Debug|x86.Build.0 = Debug|Win32
		{05C6C4C9-AA5A-4AEB-B1BA-926E64E47C35}.Release|x64.ActiveCfg = Release|x64
		{05C6C4C9-AA5A-4AEB-B1BA-926E64E47C35}.Release|x64.Build.0 = Release|x64
		{05C6C4C9-AA5A-4AEB-B1BA-926E64E47C35}.Release|x86.ActiveCfg = Release|Win32
		{05C6C4C9-AA5A-4AEB-B1BA-926E64E47C35}.Release|x86.Build.0 = Release|Win32
		{52C0523A-B756-47D6-8EC1-E8CC72146383}.Debug|x64.ActiveCfg = Debug|x64
		{52C0523A-B756-47D6-8EC1-E8CC72146383}.Debug|x64.Build.0 = Debug|x64
		{52C0523A-B756-47D6-8EC1-E8CC72146383}.Debug|x86.ActiveCfg = Debug|Win32
		{52C0523A-B756-47D6-8EC1-E8CC72146383}.Debug|x86.Build.0 = Debug|Win32
		{52C0523A-B756-47D6-8EC1-E8CC72146383}.Release|x64.ActiveCfg = Release|x64
		{52C0523A-B756-47D6-8EC1-E8CC72146383}.Release|x64.Build.0 = Release|x64
		{52C0523A-B756-47D6-8EC1-E8CC72146383}.Release|x86.ActiveCfg = Release|Win32
		{52C0523A-B756-47D6-8EC1-E8CC72146383}.Release|x86.Build.0 = Release|Win32
		{4D96DD33-EA83-4220-AD85-7F09FCEA0062}.Debug|x64.ActiveCfg = Debug|x64
		{4D96DD33-EA83-4220-AD85-7F09FCEA0062}.Debug|x64.Build.0 = Debug|x64
		{4D96DD33-EA83-4220-AD85-7F09FCEA0062}.Debug|x86.ActiveCfg = Debug|Win32
		{4D96DD33-EA83-4220-AD85-7F09FCEA0062}.Debug|x86.Build.0 = Debug|Win32
		{4D96DD33-EA83-4220-AD85-7F09FCEA0062}.Release|x64.ActiveCfg = Release|x64
		{4D96DD33-EA83-4220-AD85-7F09FCEA0062}.Release|x64.Build.0 = Release|x64
		{4D96DD33-EA83-4220-AD85-7F09FCEA0062}.Release|x86.ActiveCfg = Release|Win32
		{4D96DD33-EA83-4220-AD85-7F09FCEA0062}.Release|x86.Build.0 = Release|Win32
		{8E808BD0-F09B-48E4-A550-4908D5A08C5C}.Debug|x64.ActiveCfg = Debug|x64
		{8E808BD0-F09B-48E4-A550-4908D5A08C5C}.Debug|x64.Build.0 = Debug|x64
		{8E808BD0-F09B-48E4-A550-4908D5A08C5C}.Debug|x86.ActiveCfg = Debug|Win32
		{8E808BD0-F09B-48E4-A550-4908D5A08C5C}.Debug|x86.Build.0 = Debug|Win32
		{8E808BD0-F09B-48E4-A550-4908D5A08C5C}.Release|x64.ActiveCfg = Release|x64
		{8E808BD0-F09B-48E4-A550-4908D5A08C5C}.Release|x64.Build.0 = Release|x64
		{8E808BD0-F09B-48E4-A550-4908D5A08C5C}.Release|x86.ActiveCfg = Release|Win32
		{8E808BD0-F09B-48E4-A550-4908D5A08C5C}.Release|x86.Build.0 = Release|Win32
		{5E8AD6FC-DC4C-4881-8DD2-DA7A86801812}.Debug|x64.ActiveCfg = Debug|x64
		{5E8AD6FC-DC4C-4881-8DD2-DA7A86801812}.Debug|x64.Build.0 = Debug|x64
		{5E8AD6FC-DC4C-4881-8DD2-DA7A86801812}.Debug|x86.ActiveCfg = Debug|Win32
		{5E8AD6FC-DC4C-4881-8DD2-DA7A86801812}.Debug|x86.Build.0 = Debug|Win32
		{5E8AD6FC-DC4C-4881-8DD2-DA7A86801812}.Release|x64.ActiveCfg = Release|x64
		{5E8AD6FC-DC4C-4881-8DD2-DA7A86801812}.Release|x64.Build.0 = Release|x64
		{5E8AD6FC-DC4C-4881-8DD2-DA7A86801812}.Release|x86.ActiveCfg = Release|Win32
		{5E8AD6FC-DC4C-4881-8DD2-DA7A86801812}.Release|x86.Build.0 = Release|Win32
		{061B7033-3603-43FB-B819-EC6FB68A0995}.Debug|x64.ActiveCfg = Debug|x64
		{061B7033-3603-43FB-B819-EC6FB68A0995}.Debug|x64.Build.0 = Debug|x64
		{061B7033-3603-43FB-B819-EC6FB68A0995}.Debug|x86.ActiveCfg = Debug|Win32
		{061B7033-3603-43FB-B819-EC6FB68A0995}.Debug|x86.Build.0 = Debug|Win32
		{061B7033-3603-43FB-B819-EC6FB68A0995}.Release|x64.ActiveCfg = Release|x64
		{061B7033-3603-43FB-B819-EC6FB68A0995}.Release|x64.Build.0 = Release|x64
		{061B7033-3603-43FB-B819-EC6FB68A0995}.Release|x86.ActiveCfg = Release|Win32
		{061B7033-3603-43FB-B819-EC6FB68A0995}.Release|x86.Build.0 = Release|Win32
	EndGlobalSection
	GlobalSection(SolutionProperties) = preSolution
		HideSolutionNode = FALSE
	EndGlobalSection
	GlobalSection(ExtensibilityGlobals) = postSolution
		SolutionGuid = {8E4EEB5C-DC4E-4EEA-A884-3B1BFCB7891E}
	EndGlobalSection
EndGlobal
